// !$*UTF8*$!
{
	archiveVersion = 1;
	classes = {
	};
	objectVersion = 46;
	objects = {

/* Begin PBXBuildFile section */
		61F675E11A74D35B003AA43E /* AppDelegate.swift in Sources */ = {isa = PBXBuildFile; fileRef = 61F675E01A74D35B003AA43E /* AppDelegate.swift */; };
		61F675E31A74D35B003AA43E /* ViewController.swift in Sources */ = {isa = PBXBuildFile; fileRef = 61F675E21A74D35B003AA43E /* ViewController.swift */; };
		61F675E61A74D35B003AA43E /* Main.storyboard in Resources */ = {isa = PBXBuildFile; fileRef = 61F675E41A74D35B003AA43E /* Main.storyboard */; };
		61F675E81A74D35B003AA43E /* Images.xcassets in Resources */ = {isa = PBXBuildFile; fileRef = 61F675E71A74D35B003AA43E /* Images.xcassets */; };
		61F675EB1A74D35B003AA43E /* LaunchScreen.xib in Resources */ = {isa = PBXBuildFile; fileRef = 61F675E91A74D35B003AA43E /* LaunchScreen.xib */; };
		61F675F71A74D35B003AA43E /* MyViewControllerTests.swift in Sources */ = {isa = PBXBuildFile; fileRef = 61F675F61A74D35B003AA43E /* MyViewControllerTests.swift */; };
		61F676011A74D455003AA43E /* MyViewController.swift in Sources */ = {isa = PBXBuildFile; fileRef = 61F676001A74D455003AA43E /* MyViewController.swift */; };
/* End PBXBuildFile section */

/* Begin PBXContainerItemProxy section */
		61F675F11A74D35B003AA43E /* PBXContainerItemProxy */ = {
			isa = PBXContainerItemProxy;
			containerPortal = 61F675D31A74D35B003AA43E /* Project object */;
			proxyType = 1;
			remoteGlobalIDString = 61F675DA1A74D35B003AA43E;
			remoteInfo = MyViewController;
		};
/* End PBXContainerItemProxy section */

/* Begin PBXFileReference section */
		61F675DB1A74D35B003AA43E /* MyViewController.app */ = {isa = PBXFileReference; explicitFileType = wrapper.application; includeInIndex = 0; path = MyViewController.app; sourceTree = BUILT_PRODUCTS_DIR; };
		61F675DF1A74D35B003AA43E /* Info.plist */ = {isa = PBXFileReference; lastKnownFileType = text.plist.xml; path = Info.plist; sourceTree = "<group>"; };
		61F675E01A74D35B003AA43E /* AppDelegate.swift */ = {isa = PBXFileReference; lastKnownFileType = sourcecode.swift; path = AppDelegate.swift; sourceTree = "<group>"; };
		61F675E21A74D35B003AA43E /* ViewController.swift */ = {isa = PBXFileReference; lastKnownFileType = sourcecode.swift; path = ViewController.swift; sourceTree = "<group>"; };
		61F675E51A74D35B003AA43E /* Base */ = {isa = PBXFileReference; lastKnownFileType = file.storyboard; name = Base; path = Base.lproj/Main.storyboard; sourceTree = "<group>"; };
		61F675E71A74D35B003AA43E /* Images.xcassets */ = {isa = PBXFileReference; lastKnownFileType = folder.assetcatalog; path = Images.xcassets; sourceTree = "<group>"; };
		61F675EA1A74D35B003AA43E /* Base */ = {isa = PBXFileReference; lastKnownFileType = file.xib; name = Base; path = Base.lproj/LaunchScreen.xib; sourceTree = "<group>"; };
		61F675F01A74D35B003AA43E /* MyViewControllerTests.xctest */ = {isa = PBXFileReference; explicitFileType = wrapper.cfbundle; includeInIndex = 0; path = MyViewControllerTests.xctest; sourceTree = BUILT_PRODUCTS_DIR; };
		61F675F51A74D35B003AA43E /* Info.plist */ = {isa = PBXFileReference; lastKnownFileType = text.plist.xml; path = Info.plist; sourceTree = "<group>"; };
		61F675F61A74D35B003AA43E /* MyViewControllerTests.swift */ = {isa = PBXFileReference; lastKnownFileType = sourcecode.swift; path = MyViewControllerTests.swift; sourceTree = "<group>"; };
		61F676001A74D455003AA43E /* MyViewController.swift */ = {isa = PBXFileReference; fileEncoding = 4; lastKnownFileType = sourcecode.swift; path = MyViewController.swift; sourceTree = "<group>"; };
/* End PBXFileReference section */

/* Begin PBXFrameworksBuildPhase section */
		61F675D81A74D35B003AA43E /* Frameworks */ = {
			isa = PBXFrameworksBuildPhase;
			buildActionMask = 2147483647;
			files = (
			);
			runOnlyForDeploymentPostprocessing = 0;
		};
		61F675ED1A74D35B003AA43E /* Frameworks */ = {
			isa = PBXFrameworksBuildPhase;
			buildActionMask = 2147483647;
			files = (
			);
			runOnlyForDeploymentPostprocessing = 0;
		};
/* End PBXFrameworksBuildPhase section */

/* Begin PBXGroup section */
		61F675D21A74D35B003AA43E = {
			isa = PBXGroup;
			children = (
				61F675DD1A74D35B003AA43E /* MyViewController */,
				61F675F31A74D35B003AA43E /* MyViewControllerTests */,
				61F675DC1A74D35B003AA43E /* Products */,
			);
			sourceTree = "<group>";
		};
		61F675DC1A74D35B003AA43E /* Products */ = {
			isa = PBXGroup;
			children = (
				61F675DB1A74D35B003AA43E /* MyViewController.app */,
				61F675F01A74D35B003AA43E /* MyViewControllerTests.xctest */,
			);
			name = Products;
			sourceTree = "<group>";
		};
		61F675DD1A74D35B003AA43E /* MyViewController */ = {
			isa = PBXGroup;
			children = (
				61F675E01A74D35B003AA43E /* AppDelegate.swift */,
				61F675E21A74D35B003AA43E /* ViewController.swift */,
				61F675E41A74D35B003AA43E /* Main.storyboard */,
				61F675E71A74D35B003AA43E /* Images.xcassets */,
				61F675E91A74D35B003AA43E /* LaunchScreen.xib */,
				61F675DE1A74D35B003AA43E /* Supporting Files */,
				61F676001A74D455003AA43E /* MyViewController.swift */,
			);
			path = MyViewController;
			sourceTree = "<group>";
		};
		61F675DE1A74D35B003AA43E /* Supporting Files */ = {
			isa = PBXGroup;
			children = (
				61F675DF1A74D35B003AA43E /* Info.plist */,
			);
			name = "Supporting Files";
			sourceTree = "<group>";
		};
		61F675F31A74D35B003AA43E /* MyViewControllerTests */ = {
			isa = PBXGroup;
			children = (
				61F675F61A74D35B003AA43E /* MyViewControllerTests.swift */,
				61F675F41A74D35B003AA43E /* Supporting Files */,
			);
			path = MyViewControllerTests;
			sourceTree = "<group>";
		};
		61F675F41A74D35B003AA43E /* Supporting Files */ = {
			isa = PBXGroup;
			children = (
				61F675F51A74D35B003AA43E /* Info.plist */,
			);
			name = "Supporting Files";
			sourceTree = "<group>";
		};
/* End PBXGroup section */

/* Begin PBXNativeTarget section */
		61F675DA1A74D35B003AA43E /* MyViewController */ = {
			isa = PBXNativeTarget;
			buildConfigurationList = 61F675FA1A74D35B003AA43E /* Build configuration list for PBXNativeTarget "MyViewController" */;
			buildPhases = (
				61F675D71A74D35B003AA43E /* Sources */,
				61F675D81A74D35B003AA43E /* Frameworks */,
				61F675D91A74D35B003AA43E /* Resources */,
			);
			buildRules = (
			);
			dependencies = (
			);
			name = MyViewController;
			productName = MyViewController;
			productReference = 61F675DB1A74D35B003AA43E /* MyViewController.app */;
			productType = "com.apple.product-type.application";
		};
		61F675EF1A74D35B003AA43E /* MyViewControllerTests */ = {
			isa = PBXNativeTarget;
			buildConfigurationList = 61F675FD1A74D35B003AA43E /* Build configuration list for PBXNativeTarget "MyViewControllerTests" */;
			buildPhases = (
				61F675EC1A74D35B003AA43E /* Sources */,
				61F675ED1A74D35B003AA43E /* Frameworks */,
				61F675EE1A74D35B003AA43E /* Resources */,
			);
			buildRules = (
			);
			dependencies = (
				61F675F21A74D35B003AA43E /* PBXTargetDependency */,
			);
			name = MyViewControllerTests;
			productName = MyViewControllerTests;
			productReference = 61F675F01A74D35B003AA43E /* MyViewControllerTests.xctest */;
			productType = "com.apple.product-type.bundle.unit-test";
		};
/* End PBXNativeTarget section */

/* Begin PBXProject section */
		61F675D31A74D35B003AA43E /* Project object */ = {
			isa = PBXProject;
			attributes = {
				LastUpgradeCheck = 0610;
				ORGANIZATIONNAME = Ethan;
				TargetAttributes = {
					61F675DA1A74D35B003AA43E = {
						CreatedOnToolsVersion = 6.1;
					};
					61F675EF1A74D35B003AA43E = {
						CreatedOnToolsVersion = 6.1;
						TestTargetID = 61F675DA1A74D35B003AA43E;
					};
				};
			};
			buildConfigurationList = 61F675D61A74D35B003AA43E /* Build configuration list for PBXProject "MyViewController" */;
			compatibilityVersion = "Xcode 3.2";
			developmentRegion = English;
			hasScannedForEncodings = 0;
			knownRegions = (
				en,
				Base,
			);
			mainGroup = 61F675D21A74D35B003AA43E;
			productRefGroup = 61F675DC1A74D35B003AA43E /* Products */;
			projectDirPath = "";
			projectRoot = "";
			targets = (
				61F675DA1A74D35B003AA43E /* MyViewController */,
				61F675EF1A74D35B003AA43E /* MyViewControllerTests */,
			);
		};
/* End PBXProject section */

/* Begin PBXResourcesBuildPhase section */
		61F675D91A74D35B003AA43E /* Resources */ = {
			isa = PBXResourcesBuildPhase;
			buildActionMask = 2147483647;
			files = (
				61F675E61A74D35B003AA43E /* Main.storyboard in Resources */,
				61F675EB1A74D35B003AA43E /* LaunchScreen.xib in Resources */,
				61F675E81A74D35B003AA43E /* Images.xcassets in Resources */,
			);
			runOnlyForDeploymentPostprocessing = 0;
		};
		61F675EE1A74D35B003AA43E /* Resources */ = {
			isa = PBXResourcesBuildPhase;
			buildActionMask = 2147483647;
			files = (
			);
			runOnlyForDeploymentPostprocessing = 0;
		};
/* End PBXResourcesBuildPhase section */

/* Begin PBXSourcesBuildPhase section */
		61F675D71A74D35B003AA43E /* Sources */ = {
			isa = PBXSourcesBuildPhase;
			buildActionMask = 2147483647;
			files = (
				61F675E31A74D35B003AA43E /* ViewController.swift in Sources */,
				61F676011A74D455003AA43E /* MyViewController.swift in Sources */,
				61F675E11A74D35B003AA43E /* AppDelegate.swift in Sources */,
			);
			runOnlyForDeploymentPostprocessing = 0;
		};
		61F675EC1A74D35B003AA43E /* Sources */ = {
			isa = PBXSourcesBuildPhase;
			buildActionMask = 2147483647;
			files = (
				61F675F71A74D35B003AA43E /* MyViewControllerTests.swift in Sources */,
			);
			runOnlyForDeploymentPostprocessing = 0;
		};
/* End PBXSourcesBuildPhase section */

/* Begin PBXTargetDependency section */
		61F675F21A74D35B003AA43E /* PBXTargetDependency */ = {
			isa = PBXTargetDependency;
			target = 61F675DA1A74D35B003AA43E /* MyViewController */;
			targetProxy = 61F675F11A74D35B003AA43E /* PBXContainerItemProxy */;
		};
/* End PBXTargetDependency section */

/* Begin PBXVariantGroup section */
		61F675E41A74D35B003AA43E /* Main.storyboard */ = {
			isa = PBXVariantGroup;
			children = (
				61F675E51A74D35B003AA43E /* Base */,
			);
			name = Main.storyboard;
			sourceTree = "<group>";
		};
		61F675E91A74D35B003AA43E /* LaunchScreen.xib */ = {
			isa = PBXVariantGroup;
			children = (
				61F675EA1A74D35B003AA43E /* Base */,
			);
			name = LaunchScreen.xib;
			sourceTree = "<group>";
		};
/* End PBXVariantGroup section */

/* Begin XCBuildConfiguration section */
		61F675F81A74D35B003AA43E /* Debug */ = {
			isa = XCBuildConfiguration;
			buildSettings = {
				ALWAYS_SEARCH_USER_PATHS = NO;
				CLANG_CXX_LANGUAGE_STANDARD = "gnu++0x";
				CLANG_CXX_LIBRARY = "libc++";
				CLANG_ENABLE_MODULES = YES;
				CLANG_ENABLE_OBJC_ARC = YES;
				CLANG_WARN_BOOL_CONVERSION = YES;
				CLANG_WARN_CONSTANT_CONVERSION = YES;
				CLANG_WARN_DIRECT_OBJC_ISA_USAGE = YES_ERROR;
				CLANG_WARN_EMPTY_BODY = YES;
				CLANG_WARN_ENUM_CONVERSION = YES;
				CLANG_WARN_INT_CONVERSION = YES;
				CLANG_WARN_OBJC_ROOT_CLASS = YES_ERROR;
				CLANG_WARN_UNREACHABLE_CODE = YES;
				CLANG_WARN__DUPLICATE_METHOD_MATCH = YES;
				"CODE_SIGN_IDENTITY[sdk=iphoneos*]" = "iPhone Developer";
				COPY_PHASE_STRIP = NO;
				ENABLE_STRICT_OBJC_MSGSEND = YES;
				GCC_C_LANGUAGE_STANDARD = gnu99;
				GCC_DYNAMIC_NO_PIC = NO;
				GCC_OPTIMIZATION_LEVEL = 0;
				GCC_PREPROCESSOR_DEFINITIONS = (
					"DEBUG=1",
					"$(inherited)",
				);
				GCC_SYMBOLS_PRIVATE_EXTERN = NO;
				GCC_WARN_64_TO_32_BIT_CONVERSION = YES;
				GCC_WARN_ABOUT_RETURN_TYPE = YES_ERROR;
				GCC_WARN_UNDECLARED_SELECTOR = YES;
				GCC_WARN_UNINITIALIZED_AUTOS = YES_AGGRESSIVE;
				GCC_WARN_UNUSED_FUNCTION = YES;
				GCC_WARN_UNUSED_VARIABLE = YES;
				IPHONEOS_DEPLOYMENT_TARGET = 8.1;
				MTL_ENABLE_DEBUG_INFO = YES;
				ONLY_ACTIVE_ARCH = YES;
				SDKROOT = iphoneos;
				SWIFT_OPTIMIZATION_LEVEL = "-Onone";
			};
			name = Debug;
		};
		61F675F91A74D35B003AA43E /* Release */ = {
			isa = XCBuildConfiguration;
			buildSettings = {
				ALWAYS_SEARCH_USER_PATHS = NO;
				CLANG_CXX_LANGUAGE_STANDARD = "gnu++0x";
				CLANG_CXX_LIBRARY = "libc++";
				CLANG_ENABLE_MODULES = YES;
				CLANG_ENABLE_OBJC_ARC = YES;
				CLANG_WARN_BOOL_CONVERSION = YES;
				CLANG_WARN_CONSTANT_CONVERSION = YES;
				CLANG_WARN_DIRECT_OBJC_ISA_USAGE = YES_ERROR;
				CLANG_WARN_EMPTY_BODY = YES;
				CLANG_WARN_ENUM_CONVERSION = YES;
				CLANG_WARN_INT_CONVERSION = YES;
				CLANG_WARN_OBJC_ROOT_CLASS = YES_ERROR;
				CLANG_WARN_UNREACHABLE_CODE = YES;
				CLANG_WARN__DUPLICATE_METHOD_MATCH = YES;
				"CODE_SIGN_IDENTITY[sdk=iphoneos*]" = "iPhone Developer";
				COPY_PHASE_STRIP = YES;
				ENABLE_NS_ASSERTIONS = NO;
				ENABLE_STRICT_OBJC_MSGSEND = YES;
				GCC_C_LANGUAGE_STANDARD = gnu99;
				GCC_WARN_64_TO_32_BIT_CONVERSION = YES;
				GCC_WARN_ABOUT_RETURN_TYPE = YES_ERROR;
				GCC_WARN_UNDECLARED_SELECTOR = YES;
				GCC_WARN_UNINITIALIZED_AUTOS = YES_AGGRESSIVE;
				GCC_WARN_UNUSED_FUNCTION = YES;
				GCC_WARN_UNUSED_VARIABLE = YES;
				IPHONEOS_DEPLOYMENT_TARGET = 8.1;
				MTL_ENABLE_DEBUG_INFO = NO;
				SDKROOT = iphoneos;
				VALIDATE_PRODUCT = YES;
			};
			name = Release;
		};
		61F675FB1A74D35B003AA43E /* Debug */ = {
			isa = XCBuildConfiguration;
			buildSettings = {
				ASSETCATALOG_COMPILER_APPICON_NAME = AppIcon;
				INFOPLIST_FILE = MyViewController/Info.plist;
				LD_RUNPATH_SEARCH_PATHS = "$(inherited) @executable_path/Frameworks";
				PRODUCT_NAME = "$(TARGET_NAME)";
			};
			name = Debug;
		};
		61F675FC1A74D35B003AA43E /* Release */ = {
			isa = XCBuildConfiguration;
			buildSettings = {
				ASSETCATALOG_COMPILER_APPICON_NAME = AppIcon;
				INFOPLIST_FILE = MyViewController/Info.plist;
				LD_RUNPATH_SEARCH_PATHS = "$(inherited) @executable_path/Frameworks";
				PRODUCT_NAME = "$(TARGET_NAME)";
			};
			name = Release;
		};
		61F675FE1A74D35B003AA43E /* Debug */ = {
			isa = XCBuildConfiguration;
			buildSettings = {
				BUNDLE_LOADER = "$(TEST_HOST)";
				FRAMEWORK_SEARCH_PATHS = (
					"$(SDKROOT)/Developer/Library/Frameworks",
					"$(inherited)",
				);
				GCC_PREPROCESSOR_DEFINITIONS = (
					"DEBUG=1",
					"$(inherited)",
				);
				INFOPLIST_FILE = MyViewControllerTests/Info.plist;
				LD_RUNPATH_SEARCH_PATHS = "$(inherited) @executable_path/Frameworks @loader_path/Frameworks";
				PRODUCT_NAME = "$(TARGET_NAME)";
				TEST_HOST = "$(BUILT_PRODUCTS_DIR)/MyViewController.app/MyViewController";
			};
			name = Debug;
		};
		61F675FF1A74D35B003AA43E /* Release */ = {
			isa = XCBuildConfiguration;
			buildSettings = {
				BUNDLE_LOADER = "$(TEST_HOST)";
				FRAMEWORK_SEARCH_PATHS = (
					"$(SDKROOT)/Developer/Library/Frameworks",
					"$(inherited)",
				);
				INFOPLIST_FILE = MyViewControllerTests/Info.plist;
				LD_RUNPATH_SEARCH_PATHS = "$(inherited) @executable_path/Frameworks @loader_path/Frameworks";
				PRODUCT_NAME = "$(TARGET_NAME)";
				TEST_HOST = "$(BUILT_PRODUCTS_DIR)/MyViewController.app/MyViewController";
			};
			name = Release;
		};
/* End XCBuildConfiguration section */

/* Begin XCConfigurationList section */
		61F675D61A74D35B003AA43E /* Build configuration list for PBXProject "MyViewController" */ = {
			isa = XCConfigurationList;
			buildConfigurations = (
				61F675F81A74D35B003AA43E /* Debug */,
				61F675F91A74D35B003AA43E /* Release */,
			);
			defaultConfigurationIsVisible = 0;
			defaultConfigurationName = Release;
		};
		61F675FA1A74D35B003AA43E /* Build configuration list for PBXNativeTarget "MyViewController" */ = {
			isa = XCConfigurationList;
			buildConfigurations = (
				61F675FB1A74D35B003AA43E /* Debug */,
				61F675FC1A74D35B003AA43E /* Release */,
			);
			defaultConfigurationIsVisible = 0;
		};
		61F675FD1A74D35B003AA43E /* Build configuration list for PBXNativeTarget "MyViewControllerTests" */ = {
			isa = XCConfigurationList;
			buildConfigurations = (
				61F675FE1A74D35B003AA43E /* Debug */,
				61F675FF1A74D35B003AA43E /* Release */,
			);
			defaultConfigurationIsVisible = 0;
		};
/* End XCConfigurationList section */
	};
	rootObject = 61F675D31A74D35B003AA43E /* Project object */;
}
