// !$*UTF8*$!
{
	archiveVersion = 1;
	classes = {
	};
	objectVersion = 46;
	objects = {

/* Begin PBXBuildFile section */
		61F676111A74D797003AA43E /* AppDelegate.swift in Sources */ = {isa = PBXBuildFile; fileRef = 61F676101A74D797003AA43E /* AppDelegate.swift */; };
		61F676131A74D797003AA43E /* ViewController.swift in Sources */ = {isa = PBXBuildFile; fileRef = 61F676121A74D797003AA43E /* ViewController.swift */; };
		61F676161A74D797003AA43E /* Main.storyboard in Resources */ = {isa = PBXBuildFile; fileRef = 61F676141A74D797003AA43E /* Main.storyboard */; };
		61F676181A74D797003AA43E /* Images.xcassets in Resources */ = {isa = PBXBuildFile; fileRef = 61F676171A74D797003AA43E /* Images.xcassets */; };
		61F6761B1A74D797003AA43E /* LaunchScreen.xib in Resources */ = {isa = PBXBuildFile; fileRef = 61F676191A74D797003AA43E /* LaunchScreen.xib */; };
		61F676271A74D797003AA43E /* BrowserTests.swift in Sources */ = {isa = PBXBuildFile; fileRef = 61F676261A74D797003AA43E /* BrowserTests.swift */; };
/* End PBXBuildFile section */

/* Begin PBXContainerItemProxy section */
		61F676211A74D797003AA43E /* PBXContainerItemProxy */ = {
			isa = PBXContainerItemProxy;
			containerPortal = 61F676031A74D797003AA43E /* Project object */;
			proxyType = 1;
			remoteGlobalIDString = 61F6760A1A74D797003AA43E;
			remoteInfo = Browser;
		};
/* End PBXContainerItemProxy section */

/* Begin PBXFileReference section */
		61F6760B1A74D797003AA43E /* Browser.app */ = {isa = PBXFileReference; explicitFileType = wrapper.application; includeInIndex = 0; path = Browser.app; sourceTree = BUILT_PRODUCTS_DIR; };
		61F6760F1A74D797003AA43E /* Info.plist */ = {isa = PBXFileReference; lastKnownFileType = text.plist.xml; path = Info.plist; sourceTree = "<group>"; };
		61F676101A74D797003AA43E /* AppDelegate.swift */ = {isa = PBXFileReference; lastKnownFileType = sourcecode.swift; path = AppDelegate.swift; sourceTree = "<group>"; };
		61F676121A74D797003AA43E /* ViewController.swift */ = {isa = PBXFileReference; lastKnownFileType = sourcecode.swift; path = ViewController.swift; sourceTree = "<group>"; };
		61F676151A74D797003AA43E /* Base */ = {isa = PBXFileReference; lastKnownFileType = file.storyboard; name = Base; path = Base.lproj/Main.storyboard; sourceTree = "<group>"; };
		61F676171A74D797003AA43E /* Images.xcassets */ = {isa = PBXFileReference; lastKnownFileType = folder.assetcatalog; path = Images.xcassets; sourceTree = "<group>"; };
		61F6761A1A74D797003AA43E /* Base */ = {isa = PBXFileReference; lastKnownFileType = file.xib; name = Base; path = Base.lproj/LaunchScreen.xib; sourceTree = "<group>"; };
		61F676201A74D797003AA43E /* BrowserTests.xctest */ = {isa = PBXFileReference; explicitFileType = wrapper.cfbundle; includeInIndex = 0; path = BrowserTests.xctest; sourceTree = BUILT_PRODUCTS_DIR; };
		61F676251A74D797003AA43E /* Info.plist */ = {isa = PBXFileReference; lastKnownFileType = text.plist.xml; path = Info.plist; sourceTree = "<group>"; };
		61F676261A74D797003AA43E /* BrowserTests.swift */ = {isa = PBXFileReference; lastKnownFileType = sourcecode.swift; path = BrowserTests.swift; sourceTree = "<group>"; };
/* End PBXFileReference section */

/* Begin PBXFrameworksBuildPhase section */
		61F676081A74D797003AA43E /* Frameworks */ = {
			isa = PBXFrameworksBuildPhase;
			buildActionMask = 2147483647;
			files = (
			);
			runOnlyForDeploymentPostprocessing = 0;
		};
		61F6761D1A74D797003AA43E /* Frameworks */ = {
			isa = PBXFrameworksBuildPhase;
			buildActionMask = 2147483647;
			files = (
			);
			runOnlyForDeploymentPostprocessing = 0;
		};
/* End PBXFrameworksBuildPhase section */

/* Begin PBXGroup section */
		61F676021A74D797003AA43E = {
			isa = PBXGroup;
			children = (
				61F6760D1A74D797003AA43E /* Browser */,
				61F676231A74D797003AA43E /* BrowserTests */,
				61F6760C1A74D797003AA43E /* Products */,
			);
			sourceTree = "<group>";
		};
		61F6760C1A74D797003AA43E /* Products */ = {
			isa = PBXGroup;
			children = (
				61F6760B1A74D797003AA43E /* Browser.app */,
				61F676201A74D797003AA43E /* BrowserTests.xctest */,
			);
			name = Products;
			sourceTree = "<group>";
		};
		61F6760D1A74D797003AA43E /* Browser */ = {
			isa = PBXGroup;
			children = (
				61F676101A74D797003AA43E /* AppDelegate.swift */,
				61F676121A74D797003AA43E /* ViewController.swift */,
				61F676141A74D797003AA43E /* Main.storyboard */,
				61F676171A74D797003AA43E /* Images.xcassets */,
				61F676191A74D797003AA43E /* LaunchScreen.xib */,
				61F6760E1A74D797003AA43E /* Supporting Files */,
			);
			path = Browser;
			sourceTree = "<group>";
		};
		61F6760E1A74D797003AA43E /* Supporting Files */ = {
			isa = PBXGroup;
			children = (
				61F6760F1A74D797003AA43E /* Info.plist */,
			);
			name = "Supporting Files";
			sourceTree = "<group>";
		};
		61F676231A74D797003AA43E /* BrowserTests */ = {
			isa = PBXGroup;
			children = (
				61F676261A74D797003AA43E /* BrowserTests.swift */,
				61F676241A74D797003AA43E /* Supporting Files */,
			);
			path = BrowserTests;
			sourceTree = "<group>";
		};
		61F676241A74D797003AA43E /* Supporting Files */ = {
			isa = PBXGroup;
			children = (
				61F676251A74D797003AA43E /* Info.plist */,
			);
			name = "Supporting Files";
			sourceTree = "<group>";
		};
/* End PBXGroup section */

/* Begin PBXNativeTarget section */
		61F6760A1A74D797003AA43E /* Browser */ = {
			isa = PBXNativeTarget;
			buildConfigurationList = 61F6762A1A74D797003AA43E /* Build configuration list for PBXNativeTarget "Browser" */;
			buildPhases = (
				61F676071A74D797003AA43E /* Sources */,
				61F676081A74D797003AA43E /* Frameworks */,
				61F676091A74D797003AA43E /* Resources */,
			);
			buildRules = (
			);
			dependencies = (
			);
			name = Browser;
			productName = Browser;
			productReference = 61F6760B1A74D797003AA43E /* Browser.app */;
			productType = "com.apple.product-type.application";
		};
		61F6761F1A74D797003AA43E /* BrowserTests */ = {
			isa = PBXNativeTarget;
			buildConfigurationList = 61F6762D1A74D797003AA43E /* Build configuration list for PBXNativeTarget "BrowserTests" */;
			buildPhases = (
				61F6761C1A74D797003AA43E /* Sources */,
				61F6761D1A74D797003AA43E /* Frameworks */,
				61F6761E1A74D797003AA43E /* Resources */,
			);
			buildRules = (
			);
			dependencies = (
				61F676221A74D797003AA43E /* PBXTargetDependency */,
			);
			name = BrowserTests;
			productName = BrowserTests;
			productReference = 61F676201A74D797003AA43E /* BrowserTests.xctest */;
			productType = "com.apple.product-type.bundle.unit-test";
		};
/* End PBXNativeTarget section */

/* Begin PBXProject section */
		61F676031A74D797003AA43E /* Project object */ = {
			isa = PBXProject;
			attributes = {
				LastUpgradeCheck = 0610;
				ORGANIZATIONNAME = Ethan;
				TargetAttributes = {
					61F6760A1A74D797003AA43E = {
						CreatedOnToolsVersion = 6.1;
					};
					61F6761F1A74D797003AA43E = {
						CreatedOnToolsVersion = 6.1;
						TestTargetID = 61F6760A1A74D797003AA43E;
					};
				};
			};
			buildConfigurationList = 61F676061A74D797003AA43E /* Build configuration list for PBXProject "Browser" */;
			compatibilityVersion = "Xcode 3.2";
			developmentRegion = English;
			hasScannedForEncodings = 0;
			knownRegions = (
				en,
				Base,
			);
			mainGroup = 61F676021A74D797003AA43E;
			productRefGroup = 61F6760C1A74D797003AA43E /* Products */;
			projectDirPath = "";
			projectRoot = "";
			targets = (
				61F6760A1A74D797003AA43E /* Browser */,
				61F6761F1A74D797003AA43E /* BrowserTests */,
			);
		};
/* End PBXProject section */

/* Begin PBXResourcesBuildPhase section */
		61F676091A74D797003AA43E /* Resources */ = {
			isa = PBXResourcesBuildPhase;
			buildActionMask = 2147483647;
			files = (
				61F676161A74D797003AA43E /* Main.storyboard in Resources */,
				61F6761B1A74D797003AA43E /* LaunchScreen.xib in Resources */,
				61F676181A74D797003AA43E /* Images.xcassets in Resources */,
			);
			runOnlyForDeploymentPostprocessing = 0;
		};
		61F6761E1A74D797003AA43E /* Resources */ = {
			isa = PBXResourcesBuildPhase;
			buildActionMask = 2147483647;
			files = (
			);
			runOnlyForDeploymentPostprocessing = 0;
		};
/* End PBXResourcesBuildPhase section */

/* Begin PBXSourcesBuildPhase section */
		61F676071A74D797003AA43E /* Sources */ = {
			isa = PBXSourcesBuildPhase;
			buildActionMask = 2147483647;
			files = (
				61F676131A74D797003AA43E /* ViewController.swift in Sources */,
				61F676111A74D797003AA43E /* AppDelegate.swift in Sources */,
			);
			runOnlyForDeploymentPostprocessing = 0;
		};
		61F6761C1A74D797003AA43E /* Sources */ = {
			isa = PBXSourcesBuildPhase;
			buildActionMask = 2147483647;
			files = (
				61F676271A74D797003AA43E /* BrowserTests.swift in Sources */,
			);
			runOnlyForDeploymentPostprocessing = 0;
		};
/* End PBXSourcesBuildPhase section */

/* Begin PBXTargetDependency section */
		61F676221A74D797003AA43E /* PBXTargetDependency */ = {
			isa = PBXTargetDependency;
			target = 61F6760A1A74D797003AA43E /* Browser */;
			targetProxy = 61F676211A74D797003AA43E /* PBXContainerItemProxy */;
		};
/* End PBXTargetDependency section */

/* Begin PBXVariantGroup section */
		61F676141A74D797003AA43E /* Main.storyboard */ = {
			isa = PBXVariantGroup;
			children = (
				61F676151A74D797003AA43E /* Base */,
			);
			name = Main.storyboard;
			sourceTree = "<group>";
		};
		61F676191A74D797003AA43E /* LaunchScreen.xib */ = {
			isa = PBXVariantGroup;
			children = (
				61F6761A1A74D797003AA43E /* Base */,
			);
			name = LaunchScreen.xib;
			sourceTree = "<group>";
		};
/* End PBXVariantGroup section */

/* Begin XCBuildConfiguration section */
		61F676281A74D797003AA43E /* Debug */ = {
			isa = XCBuildConfiguration;
			buildSettings = {
				ALWAYS_SEARCH_USER_PATHS = NO;
				CLANG_CXX_LANGUAGE_STANDARD = "gnu++0x";
				CLANG_CXX_LIBRARY = "libc++";
				CLANG_ENABLE_MODULES = YES;
				CLANG_ENABLE_OBJC_ARC = YES;
				CLANG_WARN_BOOL_CONVERSION = YES;
				CLANG_WARN_CONSTANT_CONVERSION = YES;
				CLANG_WARN_DIRECT_OBJC_ISA_USAGE = YES_ERROR;
				CLANG_WARN_EMPTY_BODY = YES;
				CLANG_WARN_ENUM_CONVERSION = YES;
				CLANG_WARN_INT_CONVERSION = YES;
				CLANG_WARN_OBJC_ROOT_CLASS = YES_ERROR;
				CLANG_WARN_UNREACHABLE_CODE = YES;
				CLANG_WARN__DUPLICATE_METHOD_MATCH = YES;
				"CODE_SIGN_IDENTITY[sdk=iphoneos*]" = "iPhone Developer";
				COPY_PHASE_STRIP = NO;
				ENABLE_STRICT_OBJC_MSGSEND = YES;
				GCC_C_LANGUAGE_STANDARD = gnu99;
				GCC_DYNAMIC_NO_PIC = NO;
				GCC_OPTIMIZATION_LEVEL = 0;
				GCC_PREPROCESSOR_DEFINITIONS = (
					"DEBUG=1",
					"$(inherited)",
				);
				GCC_SYMBOLS_PRIVATE_EXTERN = NO;
				GCC_WARN_64_TO_32_BIT_CONVERSION = YES;
				GCC_WARN_ABOUT_RETURN_TYPE = YES_ERROR;
				GCC_WARN_UNDECLARED_SELECTOR = YES;
				GCC_WARN_UNINITIALIZED_AUTOS = YES_AGGRESSIVE;
				GCC_WARN_UNUSED_FUNCTION = YES;
				GCC_WARN_UNUSED_VARIABLE = YES;
				IPHONEOS_DEPLOYMENT_TARGET = 8.1;
				MTL_ENABLE_DEBUG_INFO = YES;
				ONLY_ACTIVE_ARCH = YES;
				SDKROOT = iphoneos;
				SWIFT_OPTIMIZATION_LEVEL = "-Onone";
			};
			name = Debug;
		};
		61F676291A74D797003AA43E /* Release */ = {
			isa = XCBuildConfiguration;
			buildSettings = {
				ALWAYS_SEARCH_USER_PATHS = NO;
				CLANG_CXX_LANGUAGE_STANDARD = "gnu++0x";
				CLANG_CXX_LIBRARY = "libc++";
				CLANG_ENABLE_MODULES = YES;
				CLANG_ENABLE_OBJC_ARC = YES;
				CLANG_WARN_BOOL_CONVERSION = YES;
				CLANG_WARN_CONSTANT_CONVERSION = YES;
				CLANG_WARN_DIRECT_OBJC_ISA_USAGE = YES_ERROR;
				CLANG_WARN_EMPTY_BODY = YES;
				CLANG_WARN_ENUM_CONVERSION = YES;
				CLANG_WARN_INT_CONVERSION = YES;
				CLANG_WARN_OBJC_ROOT_CLASS = YES_ERROR;
				CLANG_WARN_UNREACHABLE_CODE = YES;
				CLANG_WARN__DUPLICATE_METHOD_MATCH = YES;
				"CODE_SIGN_IDENTITY[sdk=iphoneos*]" = "iPhone Developer";
				COPY_PHASE_STRIP = YES;
				ENABLE_NS_ASSERTIONS = NO;
				ENABLE_STRICT_OBJC_MSGSEND = YES;
				GCC_C_LANGUAGE_STANDARD = gnu99;
				GCC_WARN_64_TO_32_BIT_CONVERSION = YES;
				GCC_WARN_ABOUT_RETURN_TYPE = YES_ERROR;
				GCC_WARN_UNDECLARED_SELECTOR = YES;
				GCC_WARN_UNINITIALIZED_AUTOS = YES_AGGRESSIVE;
				GCC_WARN_UNUSED_FUNCTION = YES;
				GCC_WARN_UNUSED_VARIABLE = YES;
				IPHONEOS_DEPLOYMENT_TARGET = 8.1;
				MTL_ENABLE_DEBUG_INFO = NO;
				SDKROOT = iphoneos;
				VALIDATE_PRODUCT = YES;
			};
			name = Release;
		};
		61F6762B1A74D797003AA43E /* Debug */ = {
			isa = XCBuildConfiguration;
			buildSettings = {
				ASSETCATALOG_COMPILER_APPICON_NAME = AppIcon;
				INFOPLIST_FILE = Browser/Info.plist;
				LD_RUNPATH_SEARCH_PATHS = "$(inherited) @executable_path/Frameworks";
				PRODUCT_NAME = "$(TARGET_NAME)";
			};
			name = Debug;
		};
		61F6762C1A74D797003AA43E /* Release */ = {
			isa = XCBuildConfiguration;
			buildSettings = {
				ASSETCATALOG_COMPILER_APPICON_NAME = AppIcon;
				INFOPLIST_FILE = Browser/Info.plist;
				LD_RUNPATH_SEARCH_PATHS = "$(inherited) @executable_path/Frameworks";
				PRODUCT_NAME = "$(TARGET_NAME)";
			};
			name = Release;
		};
		61F6762E1A74D797003AA43E /* Debug */ = {
			isa = XCBuildConfiguration;
			buildSettings = {
				BUNDLE_LOADER = "$(TEST_HOST)";
				FRAMEWORK_SEARCH_PATHS = (
					"$(SDKROOT)/Developer/Library/Frameworks",
					"$(inherited)",
				);
				GCC_PREPROCESSOR_DEFINITIONS = (
					"DEBUG=1",
					"$(inherited)",
				);
				INFOPLIST_FILE = BrowserTests/Info.plist;
				LD_RUNPATH_SEARCH_PATHS = "$(inherited) @executable_path/Frameworks @loader_path/Frameworks";
				PRODUCT_NAME = "$(TARGET_NAME)";
				TEST_HOST = "$(BUILT_PRODUCTS_DIR)/Browser.app/Browser";
			};
			name = Debug;
		};
		61F6762F1A74D797003AA43E /* Release */ = {
			isa = XCBuildConfiguration;
			buildSettings = {
				BUNDLE_LOADER = "$(TEST_HOST)";
				FRAMEWORK_SEARCH_PATHS = (
					"$(SDKROOT)/Developer/Library/Frameworks",
					"$(inherited)",
				);
				INFOPLIST_FILE = BrowserTests/Info.plist;
				LD_RUNPATH_SEARCH_PATHS = "$(inherited) @executable_path/Frameworks @loader_path/Frameworks";
				PRODUCT_NAME = "$(TARGET_NAME)";
				TEST_HOST = "$(BUILT_PRODUCTS_DIR)/Browser.app/Browser";
			};
			name = Release;
		};
/* End XCBuildConfiguration section */

/* Begin XCConfigurationList section */
		61F676061A74D797003AA43E /* Build configuration list for PBXProject "Browser" */ = {
			isa = XCConfigurationList;
			buildConfigurations = (
				61F676281A74D797003AA43E /* Debug */,
				61F676291A74D797003AA43E /* Release */,
			);
			defaultConfigurationIsVisible = 0;
			defaultConfigurationName = Release;
		};
		61F6762A1A74D797003AA43E /* Build configuration list for PBXNativeTarget "Browser" */ = {
			isa = XCConfigurationList;
			buildConfigurations = (
				61F6762B1A74D797003AA43E /* Debug */,
				61F6762C1A74D797003AA43E /* Release */,
			);
			defaultConfigurationIsVisible = 0;
		};
		61F6762D1A74D797003AA43E /* Build configuration list for PBXNativeTarget "BrowserTests" */ = {
			isa = XCConfigurationList;
			buildConfigurations = (
				61F6762E1A74D797003AA43E /* Debug */,
				61F6762F1A74D797003AA43E /* Release */,
			);
			defaultConfigurationIsVisible = 0;
		};
/* End XCConfigurationList section */
	};
	rootObject = 61F676031A74D797003AA43E /* Project object */;
}
